// !$*UTF8*$!
{
	archiveVersion = 1;
	classes = {
	};
	objectVersion = 50;
	objects = {

/* Begin PBXBuildFile section */
		C0656F0226C112A90029677E /* typetable.c in Sources */ = {isa = PBXBuildFile; fileRef = C0656EF326C112A90029677E /* typetable.c */; };
		C0656F0326C112A90029677E /* peephole.c in Sources */ = {isa = PBXBuildFile; fileRef = C0656EF426C112A90029677E /* peephole.c */; };
		C0656F0426C112A90029677E /* codegen.c in Sources */ = {isa = PBXBuildFile; fileRef = C0656EF826C112A90029677E /* codegen.c */; };
		C0656F0526C112A90029677E /* main.c in Sources */ = {isa = PBXBuildFile; fileRef = C0656EF926C112A90029677E /* main.c */; };
		C0656F0626C112A90029677E /* parser.c in Sources */ = {isa = PBXBuildFile; fileRef = C0656EFA26C112A90029677E /* parser.c */; };
		C0656F0726C112A90029677E /* tokeniser.c in Sources */ = {isa = PBXBuildFile; fileRef = C0656EFD26C112A90029677E /* tokeniser.c */; };
		C0656F0826C112A90029677E /* regreuse.c in Sources */ = {isa = PBXBuildFile; fileRef = C0656F0126C112A90029677E /* regreuse.c */; };
/* End PBXBuildFile section */

/* Begin PBXCopyFilesBuildPhase section */
		C0656ED126C112750029677E /* CopyFiles */ = {
			isa = PBXCopyFilesBuildPhase;
			buildActionMask = 2147483647;
			dstPath = /usr/share/man/man1/;
			dstSubfolderSpec = 0;
			files = (
			);
			runOnlyForDeploymentPostprocessing = 1;
		};
/* End PBXCopyFilesBuildPhase section */

/* Begin PBXFileReference section */
		C0656ED326C112750029677E /* F2C */ = {isa = PBXFileReference; explicitFileType = "compiled.mach-o.executable"; includeInIndex = 0; path = F2C; sourceTree = BUILT_PRODUCTS_DIR; };
		C0656EF326C112A90029677E /* typetable.c */ = {isa = PBXFileReference; fileEncoding = 4; lastKnownFileType = sourcecode.c.c; path = typetable.c; sourceTree = "<group>"; };
		C0656EF426C112A90029677E /* peephole.c */ = {isa = PBXFileReference; fileEncoding = 4; lastKnownFileType = sourcecode.c.c; path = peephole.c; sourceTree = "<group>"; };
		C0656EF526C112A90029677E /* codegen.h */ = {isa = PBXFileReference; fileEncoding = 4; lastKnownFileType = sourcecode.c.h; path = codegen.h; sourceTree = "<group>"; };
		C0656EF626C112A90029677E /* parser.h */ = {isa = PBXFileReference; fileEncoding = 4; lastKnownFileType = sourcecode.c.h; path = parser.h; sourceTree = "<group>"; };
		C0656EF726C112A90029677E /* IN.TXT */ = {isa = PBXFileReference; fileEncoding = 4; lastKnownFileType = text; path = IN.TXT; sourceTree = "<group>"; };
		C0656EF826C112A90029677E /* codegen.c */ = {isa = PBXFileReference; fileEncoding = 4; lastKnownFileType = sourcecode.c.c; path = codegen.c; sourceTree = "<group>"; };
		C0656EF926C112A90029677E /* main.c */ = {isa = PBXFileReference; fileEncoding = 4; lastKnownFileType = sourcecode.c.c; path = main.c; sourceTree = "<group>"; };
		C0656EFA26C112A90029677E /* parser.c */ = {isa = PBXFileReference; fileEncoding = 4; lastKnownFileType = sourcecode.c.c; path = parser.c; sourceTree = "<group>"; };
		C0656EFB26C112A90029677E /* typetable.h */ = {isa = PBXFileReference; fileEncoding = 4; lastKnownFileType = sourcecode.c.h; path = typetable.h; sourceTree = "<group>"; };
		C0656EFC26C112A90029677E /* tokeniser.h */ = {isa = PBXFileReference; fileEncoding = 4; lastKnownFileType = sourcecode.c.h; path = tokeniser.h; sourceTree = "<group>"; };
		C0656EFD26C112A90029677E /* tokeniser.c */ = {isa = PBXFileReference; fileEncoding = 4; lastKnownFileType = sourcecode.c.c; path = tokeniser.c; sourceTree = "<group>"; };
		C0656EFE26C112A90029677E /* peephole.h */ = {isa = PBXFileReference; fileEncoding = 4; lastKnownFileType = sourcecode.c.h; path = peephole.h; sourceTree = "<group>"; };
		C0656EFF26C112A90029677E /* regreuse.h */ = {isa = PBXFileReference; fileEncoding = 4; lastKnownFileType = sourcecode.c.h; path = regreuse.h; sourceTree = "<group>"; };
		C0656F0026C112A90029677E /* OUT.TXT */ = {isa = PBXFileReference; fileEncoding = 4; lastKnownFileType = text; path = OUT.TXT; sourceTree = "<group>"; };
		C0656F0126C112A90029677E /* regreuse.c */ = {isa = PBXFileReference; fileEncoding = 4; lastKnownFileType = sourcecode.c.c; path = regreuse.c; sourceTree = "<group>"; };
		C0656F0926C114790029677E /* LICENSE */ = {isa = PBXFileReference; lastKnownFileType = text; path = LICENSE; sourceTree = "<group>"; };
		C0656F0A26C115760029677E /* LICENSE */ = {isa = PBXFileReference; fileEncoding = 4; lastKnownFileType = text; path = LICENSE; sourceTree = "<group>"; };
		C0656F0B26C115DB0029677E /* README.md */ = {isa = PBXFileReference; fileEncoding = 4; lastKnownFileType = net.daringfireball.markdown; path = README.md; sourceTree = SOURCE_ROOT; };
/* End PBXFileReference section */

/* Begin PBXFrameworksBuildPhase section */
		C0656ED026C112750029677E /* Frameworks */ = {
			isa = PBXFrameworksBuildPhase;
			buildActionMask = 2147483647;
			files = (
			);
			runOnlyForDeploymentPostprocessing = 0;
		};
/* End PBXFrameworksBuildPhase section */

/* Begin PBXGroup section */
		C0656ECA26C112750029677E = {
			isa = PBXGroup;
			children = (
				C0656F0A26C115760029677E /* LICENSE */,
				C0656ED526C112750029677E /* F2C */,
				C0656ED426C112750029677E /* Products */,
			);
			sourceTree = "<group>";
		};
		C0656ED426C112750029677E /* Products */ = {
			isa = PBXGroup;
			children = (
				C0656ED326C112750029677E /* F2C */,
			);
			name = Products;
			sourceTree = "<group>";
		};
		C0656ED526C112750029677E /* F2C */ = {
			isa = PBXGroup;
			children = (
				C0656EF726C112A90029677E /* IN.TXT */,
				C0656F0026C112A90029677E /* OUT.TXT */,
				C0656F0B26C115DB0029677E /* README.md */,
				C0656F0926C114790029677E /* LICENSE */,
				C0656EF926C112A90029677E /* main.c */,
				C0656EF826C112A90029677E /* codegen.c */,
				C0656EF526C112A90029677E /* codegen.h */,
				C0656EFA26C112A90029677E /* parser.c */,
				C0656EF626C112A90029677E /* parser.h */,
				C0656EF426C112A90029677E /* peephole.c */,
				C0656EFE26C112A90029677E /* peephole.h */,
				C0656F0126C112A90029677E /* regreuse.c */,
				C0656EFF26C112A90029677E /* regreuse.h */,
				C0656EFD26C112A90029677E /* tokeniser.c */,
				C0656EFC26C112A90029677E /* tokeniser.h */,
				C0656EF326C112A90029677E /* typetable.c */,
				C0656EFB26C112A90029677E /* typetable.h */,
			);
			path = F2C;
			sourceTree = "<group>";
		};
/* End PBXGroup section */

/* Begin PBXNativeTarget section */
		C0656ED226C112750029677E /* F2C */ = {
			isa = PBXNativeTarget;
			buildConfigurationList = C0656EDA26C112750029677E /* Build configuration list for PBXNativeTarget "F2C" */;
			buildPhases = (
				C0656ECF26C112750029677E /* Sources */,
				C0656ED026C112750029677E /* Frameworks */,
				C0656ED126C112750029677E /* CopyFiles */,
			);
			buildRules = (
			);
			dependencies = (
			);
			name = F2C;
			productName = F2C;
			productReference = C0656ED326C112750029677E /* F2C */;
			productType = "com.apple.product-type.tool";
		};
/* End PBXNativeTarget section */

/* Begin PBXProject section */
		C0656ECB26C112750029677E /* Project object */ = {
			isa = PBXProject;
			attributes = {
				LastUpgradeCheck = 1130;
				ORGANIZATIONNAME = "Alex Boxall";
				TargetAttributes = {
					C0656ED226C112750029677E = {
						CreatedOnToolsVersion = 11.3.1;
					};
				};
			};
			buildConfigurationList = C0656ECE26C112750029677E /* Build configuration list for PBXProject "F2C" */;
			compatibilityVersion = "Xcode 9.3";
			developmentRegion = en;
			hasScannedForEncodings = 0;
			knownRegions = (
				en,
				Base,
			);
			mainGroup = C0656ECA26C112750029677E;
			productRefGroup = C0656ED426C112750029677E /* Products */;
			projectDirPath = "";
			projectRoot = "";
			targets = (
				C0656ED226C112750029677E /* F2C */,
			);
		};
/* End PBXProject section */

/* Begin PBXSourcesBuildPhase section */
		C0656ECF26C112750029677E /* Sources */ = {
			isa = PBXSourcesBuildPhase;
			buildActionMask = 2147483647;
			files = (
				C0656F0726C112A90029677E /* tokeniser.c in Sources */,
				C0656F0526C112A90029677E /* main.c in Sources */,
				C0656F0426C112A90029677E /* codegen.c in Sources */,
				C0656F0226C112A90029677E /* typetable.c in Sources */,
				C0656F0626C112A90029677E /* parser.c in Sources */,
				C0656F0826C112A90029677E /* regreuse.c in Sources */,
				C0656F0326C112A90029677E /* peephole.c in Sources */,
			);
			runOnlyForDeploymentPostprocessing = 0;
		};
/* End PBXSourcesBuildPhase section */

/* Begin XCBuildConfiguration section */
		C0656ED826C112750029677E /* Debug */ = {
			isa = XCBuildConfiguration;
			buildSettings = {
				ALWAYS_SEARCH_USER_PATHS = NO;
				CLANG_ANALYZER_NONNULL = YES;
				CLANG_ANALYZER_NUMBER_OBJECT_CONVERSION = YES_AGGRESSIVE;
				CLANG_CXX_LANGUAGE_STANDARD = "gnu++14";
				CLANG_CXX_LIBRARY = "libc++";
				CLANG_ENABLE_MODULES = YES;
				CLANG_ENABLE_OBJC_ARC = YES;
				CLANG_ENABLE_OBJC_WEAK = YES;
				CLANG_WARN_BLOCK_CAPTURE_AUTORELEASING = YES;
				CLANG_WARN_BOOL_CONVERSION = YES;
				CLANG_WARN_COMMA = YES;
				CLANG_WARN_CONSTANT_CONVERSION = YES;
				CLANG_WARN_DEPRECATED_OBJC_IMPLEMENTATIONS = YES;
				CLANG_WARN_DIRECT_OBJC_ISA_USAGE = YES_ERROR;
				CLANG_WARN_DOCUMENTATION_COMMENTS = YES;
				CLANG_WARN_EMPTY_BODY = YES;
				CLANG_WARN_ENUM_CONVERSION = YES;
				CLANG_WARN_INFINITE_RECURSION = YES;
				CLANG_WARN_INT_CONVERSION = YES;
				CLANG_WARN_NON_LITERAL_NULL_CONVERSION = YES;
				CLANG_WARN_OBJC_IMPLICIT_RETAIN_SELF = YES;
				CLANG_WARN_OBJC_LITERAL_CONVERSION = YES;
				CLANG_WARN_OBJC_ROOT_CLASS = YES_ERROR;
				CLANG_WARN_RANGE_LOOP_ANALYSIS = YES;
				CLANG_WARN_STRICT_PROTOTYPES = YES;
				CLANG_WARN_SUSPICIOUS_MOVE = YES;
				CLANG_WARN_UNGUARDED_AVAILABILITY = YES_AGGRESSIVE;
				CLANG_WARN_UNREACHABLE_CODE = YES;
				CLANG_WARN__DUPLICATE_METHOD_MATCH = YES;
				COPY_PHASE_STRIP = NO;
				DEBUG_INFORMATION_FORMAT = dwarf;
				ENABLE_STRICT_OBJC_MSGSEND = YES;
				ENABLE_TESTABILITY = YES;
				GCC_C_LANGUAGE_STANDARD = gnu11;
				GCC_DYNAMIC_NO_PIC = NO;
				GCC_NO_COMMON_BLOCKS = YES;
				GCC_OPTIMIZATION_LEVEL = 0;
				GCC_PREPROCESSOR_DEFINITIONS = (
					"DEBUG=1",
					"$(inherited)",
				);
				GCC_WARN_64_TO_32_BIT_CONVERSION = YES;
				GCC_WARN_ABOUT_RETURN_TYPE = YES_ERROR;
				GCC_WARN_UNDECLARED_SELECTOR = YES;
				GCC_WARN_UNINITIALIZED_AUTOS = YES_AGGRESSIVE;
				GCC_WARN_UNUSED_FUNCTION = YES;
				GCC_WARN_UNUSED_VARIABLE = YES;
				MACOSX_DEPLOYMENT_TARGET = 10.14;
				MTL_ENABLE_DEBUG_INFO = INCLUDE_SOURCE;
				MTL_FAST_MATH = YES;
				ONLY_ACTIVE_ARCH = YES;
				SDKROOT = macosx;
			};
			name = Debug;
		};
		C0656ED926C112750029677E /* Release */ = {
			isa = XCBuildConfiguration;
			buildSettings = {
				ALWAYS_SEARCH_USER_PATHS = NO;
				CLANG_ANALYZER_NONNULL = YES;
				CLANG_ANALYZER_NUMBER_OBJECT_CONVERSION = YES_AGGRESSIVE;
				CLANG_CXX_LANGUAGE_STANDARD = "gnu++14";
				CLANG_CXX_LIBRARY = "libc++";
				CLANG_ENABLE_MODULES = YES;
				CLANG_ENABLE_OBJC_ARC = YES;
				CLANG_ENABLE_OBJC_WEAK = YES;
				CLANG_WARN_BLOCK_CAPTURE_AUTORELEASING = YES;
				CLANG_WARN_BOOL_CONVERSION = YES;
				CLANG_WARN_COMMA = YES;
				CLANG_WARN_CONSTANT_CONVERSION = YES;
				CLANG_WARN_DEPRECATED_OBJC_IMPLEMENTATIONS = YES;
				CLANG_WARN_DIRECT_OBJC_ISA_USAGE = YES_ERROR;
				CLANG_WARN_DOCUMENTATION_COMMENTS = YES;
				CLANG_WARN_EMPTY_BODY = YES;
				CLANG_WARN_ENUM_CONVERSION = YES;
				CLANG_WARN_INFINITE_RECURSION = YES;
				CLANG_WARN_INT_CONVERSION = YES;
				CLANG_WARN_NON_LITERAL_NULL_CONVERSION = YES;
				CLANG_WARN_OBJC_IMPLICIT_RETAIN_SELF = YES;
				CLANG_WARN_OBJC_LITERAL_CONVERSION = YES;
				CLANG_WARN_OBJC_ROOT_CLASS = YES_ERROR;
				CLANG_WARN_RANGE_LOOP_ANALYSIS = YES;
				CLANG_WARN_STRICT_PROTOTYPES = YES;
				CLANG_WARN_SUSPICIOUS_MOVE = YES;
				CLANG_WARN_UNGUARDED_AVAILABILITY = YES_AGGRESSIVE;
				CLANG_WARN_UNREACHABLE_CODE = YES;
				CLANG_WARN__DUPLICATE_METHOD_MATCH = YES;
				COPY_PHASE_STRIP = NO;
				DEBUG_INFORMATION_FORMAT = "dwarf-with-dsym";
				ENABLE_NS_ASSERTIONS = NO;
				ENABLE_STRICT_OBJC_MSGSEND = YES;
				GCC_C_LANGUAGE_STANDARD = gnu11;
				GCC_NO_COMMON_BLOCKS = YES;
				GCC_WARN_64_TO_32_BIT_CONVERSION = YES;
				GCC_WARN_ABOUT_RETURN_TYPE = YES_ERROR;
				GCC_WARN_UNDECLARED_SELECTOR = YES;
				GCC_WARN_UNINITIALIZED_AUTOS = YES_AGGRESSIVE;
				GCC_WARN_UNUSED_FUNCTION = YES;
				GCC_WARN_UNUSED_VARIABLE = YES;
				MACOSX_DEPLOYMENT_TARGET = 10.14;
				MTL_ENABLE_DEBUG_INFO = NO;
				MTL_FAST_MATH = YES;
				SDKROOT = macosx;
			};
			name = Release;
		};
		C0656EDB26C112750029677E /* Debug */ = {
			isa = XCBuildConfiguration;
			buildSettings = {
				CODE_SIGN_STYLE = Automatic;
				PRODUCT_NAME = "$(TARGET_NAME)";
			};
			name = Debug;
		};
		C0656EDC26C112750029677E /* Release */ = {
			isa = XCBuildConfiguration;
			buildSettings = {
				CODE_SIGN_STYLE = Automatic;
				PRODUCT_NAME = "$(TARGET_NAME)";
			};
			name = Release;
		};
/* End XCBuildConfiguration section */

/* Begin XCConfigurationList section */
		C0656ECE26C112750029677E /* Build configuration list for PBXProject "F2C" */ = {
			isa = XCConfigurationList;
			buildConfigurations = (
				C0656ED826C112750029677E /* Debug */,
				C0656ED926C112750029677E /* Release */,
			);
			defaultConfigurationIsVisible = 0;
			defaultConfigurationName = Release;
		};
		C0656EDA26C112750029677E /* Build configuration list for PBXNativeTarget "F2C" */ = {
			isa = XCConfigurationList;
			buildConfigurations = (
				C0656EDB26C112750029677E /* Debug */,
				C0656EDC26C112750029677E /* Release */,
			);
			defaultConfigurationIsVisible = 0;
			defaultConfigurationName = Release;
		};
/* End XCConfigurationList section */
	};
	rootObject = C0656ECB26C112750029677E /* Project object */;
}
